// !$*UTF8*$!
{
	archiveVersion = 1;
	classes = {
	};
	objectVersion = 46;
	objects = {

/* Begin PBXBuildFile section */
		6228B21B1DCFF59A00404D05 /* MyPollsTableViewCell.swift in Sources */ = {isa = PBXBuildFile; fileRef = 6228B21A1DCFF59A00404D05 /* MyPollsTableViewCell.swift */; };
		6228B21D1DCFF97A00404D05 /* PollResultsViewController.swift in Sources */ = {isa = PBXBuildFile; fileRef = 6228B21C1DCFF97A00404D05 /* PollResultsViewController.swift */; };
		623C5C7C1DCD032500FBDA71 /* Poll.swift in Sources */ = {isa = PBXBuildFile; fileRef = 623C5C7B1DCD032500FBDA71 /* Poll.swift */; };
		624A6BFE1DC24EE600EF38A2 /* AppDelegate.swift in Sources */ = {isa = PBXBuildFile; fileRef = 624A6BFD1DC24EE600EF38A2 /* AppDelegate.swift */; };
		624A6C001DC24EE600EF38A2 /* MainViewController.swift in Sources */ = {isa = PBXBuildFile; fileRef = 624A6BFF1DC24EE600EF38A2 /* MainViewController.swift */; };
		624A6C031DC24EE600EF38A2 /* Main.storyboard in Resources */ = {isa = PBXBuildFile; fileRef = 624A6C011DC24EE600EF38A2 /* Main.storyboard */; };
		624A6C051DC24EE600EF38A2 /* Assets.xcassets in Resources */ = {isa = PBXBuildFile; fileRef = 624A6C041DC24EE600EF38A2 /* Assets.xcassets */; };
		624A6C081DC24EE600EF38A2 /* LaunchScreen.storyboard in Resources */ = {isa = PBXBuildFile; fileRef = 624A6C061DC24EE600EF38A2 /* LaunchScreen.storyboard */; };
		624A6C131DC24EE600EF38A2 /* ScrollingTests.swift in Sources */ = {isa = PBXBuildFile; fileRef = 624A6C121DC24EE600EF38A2 /* ScrollingTests.swift */; };
		624A6C1E1DC2523B00EF38A2 /* PollQuestionTableViewCell.swift in Sources */ = {isa = PBXBuildFile; fileRef = 624A6C1D1DC2523B00EF38A2 /* PollQuestionTableViewCell.swift */; };
		6276EF901DD03BF200FF4E8A /* ChartsAxisFormatter.swift in Sources */ = {isa = PBXBuildFile; fileRef = 6276EF8F1DD03BF200FF4E8A /* ChartsAxisFormatter.swift */; };
		628310AC1DCEAF540019F2BE /* GoogleService-Info.plist in Resources */ = {isa = PBXBuildFile; fileRef = 628310AB1DCEAF540019F2BE /* GoogleService-Info.plist */; };
		628310AE1DCEBC760019F2BE /* FBSDKShareKit.framework in Frameworks */ = {isa = PBXBuildFile; fileRef = 628310AD1DCEBC760019F2BE /* FBSDKShareKit.framework */; };
		628310B11DCFE0EA0019F2BE /* MyPollsTableViewController.swift in Sources */ = {isa = PBXBuildFile; fileRef = 628310B01DCFE0EA0019F2BE /* MyPollsTableViewController.swift */; };
		62A2395D1DD38FFF00D6AC92 /* CreationViewController.swift in Sources */ = {isa = PBXBuildFile; fileRef = 62A2395C1DD38FFF00D6AC92 /* CreationViewController.swift */; };
		62B720661DD104FA00C6B897 /* VotedOn.swift in Sources */ = {isa = PBXBuildFile; fileRef = 62B720651DD104FA00C6B897 /* VotedOn.swift */; };
		62CF9B021DCE3A9C00B66099 /* LoginScreen.swift in Sources */ = {isa = PBXBuildFile; fileRef = 62CF9B011DCE3A9C00B66099 /* LoginScreen.swift */; };
		62CF9B0C1DCE3FFF00B66099 /* FBSDKLoginKit.framework in Frameworks */ = {isa = PBXBuildFile; fileRef = 62CF9B0B1DCE3FFF00B66099 /* FBSDKLoginKit.framework */; };
		62CF9B0E1DCE400600B66099 /* FBSDKCoreKit.framework in Frameworks */ = {isa = PBXBuildFile; fileRef = 62CF9B0D1DCE400600B66099 /* FBSDKCoreKit.framework */; };
		62CF9B121DCE42BD00B66099 /* Bolts.framework in Frameworks */ = {isa = PBXBuildFile; fileRef = 62CF9B111DCE42BD00B66099 /* Bolts.framework */; };
		62E7DBF51DC8D92400105009 /* SegueFromLeft.swift in Sources */ = {isa = PBXBuildFile; fileRef = 62E7DBF41DC8D92400105009 /* SegueFromLeft.swift */; };
		62E7DBF71DC9021A00105009 /* SegueFromRight.swift in Sources */ = {isa = PBXBuildFile; fileRef = 62E7DBF61DC9021A00105009 /* SegueFromRight.swift */; };
		62F8AAD51DCCE17A00AADC85 /* httpsClient.swift in Sources */ = {isa = PBXBuildFile; fileRef = 62F8AAD41DCCE17A00AADC85 /* httpsClient.swift */; };
		71D22215D401B675B4858E1D /* Pods_ScrollingTests.framework in Frameworks */ = {isa = PBXBuildFile; fileRef = F92F55576A2817C430A93C94 /* Pods_ScrollingTests.framework */; };
		86352343D9F18CC2C78F956B /* Pods_Scrolling.framework in Frameworks */ = {isa = PBXBuildFile; fileRef = A24573A56C052AA2C5EFA9BF /* Pods_Scrolling.framework */; };
/* End PBXBuildFile section */

/* Begin PBXContainerItemProxy section */
		624A6C0F1DC24EE600EF38A2 /* PBXContainerItemProxy */ = {
			isa = PBXContainerItemProxy;
			containerPortal = 624A6BF21DC24EE500EF38A2 /* Project object */;
			proxyType = 1;
			remoteGlobalIDString = 624A6BF91DC24EE500EF38A2;
			remoteInfo = Scrolling;
		};
/* End PBXContainerItemProxy section */

/* Begin PBXFileReference section */
		53C9D1D189F3B273351907DE /* Pods-ScrollingTests.release.xcconfig */ = {isa = PBXFileReference; includeInIndex = 1; lastKnownFileType = text.xcconfig; name = "Pods-ScrollingTests.release.xcconfig"; path = "Pods/Target Support Files/Pods-ScrollingTests/Pods-ScrollingTests.release.xcconfig"; sourceTree = "<group>"; };
		6228B21A1DCFF59A00404D05 /* MyPollsTableViewCell.swift */ = {isa = PBXFileReference; fileEncoding = 4; lastKnownFileType = sourcecode.swift; path = MyPollsTableViewCell.swift; sourceTree = "<group>"; };
		6228B21C1DCFF97A00404D05 /* PollResultsViewController.swift */ = {isa = PBXFileReference; fileEncoding = 4; lastKnownFileType = sourcecode.swift; path = PollResultsViewController.swift; sourceTree = "<group>"; };
		623C5C7B1DCD032500FBDA71 /* Poll.swift */ = {isa = PBXFileReference; fileEncoding = 4; lastKnownFileType = sourcecode.swift; path = Poll.swift; sourceTree = "<group>"; };
		624A6BFA1DC24EE600EF38A2 /* Scrolling.app */ = {isa = PBXFileReference; explicitFileType = wrapper.application; includeInIndex = 0; path = Scrolling.app; sourceTree = BUILT_PRODUCTS_DIR; };
		624A6BFD1DC24EE600EF38A2 /* AppDelegate.swift */ = {isa = PBXFileReference; lastKnownFileType = sourcecode.swift; path = AppDelegate.swift; sourceTree = "<group>"; };
		624A6BFF1DC24EE600EF38A2 /* MainViewController.swift */ = {isa = PBXFileReference; lastKnownFileType = sourcecode.swift; path = MainViewController.swift; sourceTree = "<group>"; };
		624A6C021DC24EE600EF38A2 /* Base */ = {isa = PBXFileReference; lastKnownFileType = file.storyboard; name = Base; path = Base.lproj/Main.storyboard; sourceTree = "<group>"; };
		624A6C041DC24EE600EF38A2 /* Assets.xcassets */ = {isa = PBXFileReference; lastKnownFileType = folder.assetcatalog; path = Assets.xcassets; sourceTree = "<group>"; };
		624A6C071DC24EE600EF38A2 /* Base */ = {isa = PBXFileReference; lastKnownFileType = file.storyboard; name = Base; path = Base.lproj/LaunchScreen.storyboard; sourceTree = "<group>"; };
		624A6C091DC24EE600EF38A2 /* Info.plist */ = {isa = PBXFileReference; lastKnownFileType = text.plist.xml; path = Info.plist; sourceTree = "<group>"; };
		624A6C0E1DC24EE600EF38A2 /* ScrollingTests.xctest */ = {isa = PBXFileReference; explicitFileType = wrapper.cfbundle; includeInIndex = 0; path = ScrollingTests.xctest; sourceTree = BUILT_PRODUCTS_DIR; };
		624A6C121DC24EE600EF38A2 /* ScrollingTests.swift */ = {isa = PBXFileReference; lastKnownFileType = sourcecode.swift; path = ScrollingTests.swift; sourceTree = "<group>"; };
		624A6C141DC24EE600EF38A2 /* Info.plist */ = {isa = PBXFileReference; lastKnownFileType = text.plist.xml; path = Info.plist; sourceTree = "<group>"; };
		624A6C1D1DC2523B00EF38A2 /* PollQuestionTableViewCell.swift */ = {isa = PBXFileReference; fileEncoding = 4; lastKnownFileType = sourcecode.swift; path = PollQuestionTableViewCell.swift; sourceTree = "<group>"; };
		6276EF8F1DD03BF200FF4E8A /* ChartsAxisFormatter.swift */ = {isa = PBXFileReference; fileEncoding = 4; lastKnownFileType = sourcecode.swift; path = ChartsAxisFormatter.swift; sourceTree = "<group>"; };
		628310AB1DCEAF540019F2BE /* GoogleService-Info.plist */ = {isa = PBXFileReference; fileEncoding = 4; lastKnownFileType = text.plist.xml; path = "GoogleService-Info.plist"; sourceTree = "<group>"; };
		628310AD1DCEBC760019F2BE /* FBSDKShareKit.framework */ = {isa = PBXFileReference; lastKnownFileType = wrapper.framework; path = FBSDKShareKit.framework; sourceTree = "<group>"; };
		628310AF1DCF7E040019F2BE /* Scrolling.entitlements */ = {isa = PBXFileReference; lastKnownFileType = text.plist.entitlements; path = Scrolling.entitlements; sourceTree = "<group>"; };
		628310B01DCFE0EA0019F2BE /* MyPollsTableViewController.swift */ = {isa = PBXFileReference; fileEncoding = 4; lastKnownFileType = sourcecode.swift; path = MyPollsTableViewController.swift; sourceTree = "<group>"; };
		629BC147A3E8A541C3E49512 /* Pods-ScrollingTests.debug.xcconfig */ = {isa = PBXFileReference; includeInIndex = 1; lastKnownFileType = text.xcconfig; name = "Pods-ScrollingTests.debug.xcconfig"; path = "Pods/Target Support Files/Pods-ScrollingTests/Pods-ScrollingTests.debug.xcconfig"; sourceTree = "<group>"; };
		62A2395C1DD38FFF00D6AC92 /* CreationViewController.swift */ = {isa = PBXFileReference; fileEncoding = 4; lastKnownFileType = sourcecode.swift; path = CreationViewController.swift; sourceTree = "<group>"; };
		62B720651DD104FA00C6B897 /* VotedOn.swift */ = {isa = PBXFileReference; fileEncoding = 4; lastKnownFileType = sourcecode.swift; path = VotedOn.swift; sourceTree = "<group>"; };
		62CF9B011DCE3A9C00B66099 /* LoginScreen.swift */ = {isa = PBXFileReference; fileEncoding = 4; lastKnownFileType = sourcecode.swift; path = LoginScreen.swift; sourceTree = "<group>"; };
		62CF9B0B1DCE3FFF00B66099 /* FBSDKLoginKit.framework */ = {isa = PBXFileReference; lastKnownFileType = wrapper.framework; path = FBSDKLoginKit.framework; sourceTree = "<group>"; };
		62CF9B0D1DCE400600B66099 /* FBSDKCoreKit.framework */ = {isa = PBXFileReference; lastKnownFileType = wrapper.framework; path = FBSDKCoreKit.framework; sourceTree = "<group>"; };
		62CF9B111DCE42BD00B66099 /* Bolts.framework */ = {isa = PBXFileReference; lastKnownFileType = wrapper.framework; path = Bolts.framework; sourceTree = "<group>"; };
		62E7DBF41DC8D92400105009 /* SegueFromLeft.swift */ = {isa = PBXFileReference; fileEncoding = 4; lastKnownFileType = sourcecode.swift; path = SegueFromLeft.swift; sourceTree = "<group>"; };
		62E7DBF61DC9021A00105009 /* SegueFromRight.swift */ = {isa = PBXFileReference; fileEncoding = 4; lastKnownFileType = sourcecode.swift; path = SegueFromRight.swift; sourceTree = "<group>"; };
		62F8AAD41DCCE17A00AADC85 /* httpsClient.swift */ = {isa = PBXFileReference; fileEncoding = 4; lastKnownFileType = sourcecode.swift; path = httpsClient.swift; sourceTree = "<group>"; };
		A24573A56C052AA2C5EFA9BF /* Pods_Scrolling.framework */ = {isa = PBXFileReference; explicitFileType = wrapper.framework; includeInIndex = 0; path = Pods_Scrolling.framework; sourceTree = BUILT_PRODUCTS_DIR; };
		BD68415B4AA7D8940B2CDCC2 /* Pods-Scrolling.release.xcconfig */ = {isa = PBXFileReference; includeInIndex = 1; lastKnownFileType = text.xcconfig; name = "Pods-Scrolling.release.xcconfig"; path = "Pods/Target Support Files/Pods-Scrolling/Pods-Scrolling.release.xcconfig"; sourceTree = "<group>"; };
		CD0B39270E3227752E65FBF9 /* Pods-Scrolling.debug.xcconfig */ = {isa = PBXFileReference; includeInIndex = 1; lastKnownFileType = text.xcconfig; name = "Pods-Scrolling.debug.xcconfig"; path = "Pods/Target Support Files/Pods-Scrolling/Pods-Scrolling.debug.xcconfig"; sourceTree = "<group>"; };
		F92F55576A2817C430A93C94 /* Pods_ScrollingTests.framework */ = {isa = PBXFileReference; explicitFileType = wrapper.framework; includeInIndex = 0; path = Pods_ScrollingTests.framework; sourceTree = BUILT_PRODUCTS_DIR; };
/* End PBXFileReference section */

/* Begin PBXFrameworksBuildPhase section */
		624A6BF71DC24EE500EF38A2 /* Frameworks */ = {
			isa = PBXFrameworksBuildPhase;
			buildActionMask = 2147483647;
			files = (
				62CF9B0C1DCE3FFF00B66099 /* FBSDKLoginKit.framework in Frameworks */,
				62CF9B0E1DCE400600B66099 /* FBSDKCoreKit.framework in Frameworks */,
				628310AE1DCEBC760019F2BE /* FBSDKShareKit.framework in Frameworks */,
				86352343D9F18CC2C78F956B /* Pods_Scrolling.framework in Frameworks */,
				62CF9B121DCE42BD00B66099 /* Bolts.framework in Frameworks */,
			);
			runOnlyForDeploymentPostprocessing = 0;
		};
		624A6C0B1DC24EE600EF38A2 /* Frameworks */ = {
			isa = PBXFrameworksBuildPhase;
			buildActionMask = 2147483647;
			files = (
				71D22215D401B675B4858E1D /* Pods_ScrollingTests.framework in Frameworks */,
			);
			runOnlyForDeploymentPostprocessing = 0;
		};
/* End PBXFrameworksBuildPhase section */

/* Begin PBXGroup section */
		28EBDC0AB8C375E035AB5129 /* Frameworks */ = {
			isa = PBXGroup;
			children = (
				628310AD1DCEBC760019F2BE /* FBSDKShareKit.framework */,
				62CF9B111DCE42BD00B66099 /* Bolts.framework */,
				62CF9B0D1DCE400600B66099 /* FBSDKCoreKit.framework */,
				62CF9B0B1DCE3FFF00B66099 /* FBSDKLoginKit.framework */,
				A24573A56C052AA2C5EFA9BF /* Pods_Scrolling.framework */,
				F92F55576A2817C430A93C94 /* Pods_ScrollingTests.framework */,
			);
			name = Frameworks;
			sourceTree = "<group>";
		};
		3F88290BD0B9D9F41E6F45FC /* Pods */ = {
			isa = PBXGroup;
			children = (
				CD0B39270E3227752E65FBF9 /* Pods-Scrolling.debug.xcconfig */,
				BD68415B4AA7D8940B2CDCC2 /* Pods-Scrolling.release.xcconfig */,
				629BC147A3E8A541C3E49512 /* Pods-ScrollingTests.debug.xcconfig */,
				53C9D1D189F3B273351907DE /* Pods-ScrollingTests.release.xcconfig */,
			);
			name = Pods;
			sourceTree = "<group>";
		};
		624A6BF11DC24EE500EF38A2 = {
			isa = PBXGroup;
			children = (
				624A6BFC1DC24EE600EF38A2 /* Scrolling */,
				624A6C111DC24EE600EF38A2 /* ScrollingTests */,
				624A6BFB1DC24EE600EF38A2 /* Products */,
				3F88290BD0B9D9F41E6F45FC /* Pods */,
				28EBDC0AB8C375E035AB5129 /* Frameworks */,
			);
			sourceTree = "<group>";
		};
		624A6BFB1DC24EE600EF38A2 /* Products */ = {
			isa = PBXGroup;
			children = (
				624A6BFA1DC24EE600EF38A2 /* Scrolling.app */,
				624A6C0E1DC24EE600EF38A2 /* ScrollingTests.xctest */,
			);
			name = Products;
			sourceTree = "<group>";
		};
		624A6BFC1DC24EE600EF38A2 /* Scrolling */ = {
			isa = PBXGroup;
			children = (
				628310AF1DCF7E040019F2BE /* Scrolling.entitlements */,
				624A6BFD1DC24EE600EF38A2 /* AppDelegate.swift */,
				62F8AAD41DCCE17A00AADC85 /* httpsClient.swift */,
				623C5C7B1DCD032500FBDA71 /* Poll.swift */,
				624A6BFF1DC24EE600EF38A2 /* MainViewController.swift */,
				62E7DBF41DC8D92400105009 /* SegueFromLeft.swift */,
				62E7DBF61DC9021A00105009 /* SegueFromRight.swift */,
				624A6C011DC24EE600EF38A2 /* Main.storyboard */,
				62A2395C1DD38FFF00D6AC92 /* CreationViewController.swift */,
				6276EF8F1DD03BF200FF4E8A /* ChartsAxisFormatter.swift */,
				6228B21C1DCFF97A00404D05 /* PollResultsViewController.swift */,
				628310B01DCFE0EA0019F2BE /* MyPollsTableViewController.swift */,
				6228B21A1DCFF59A00404D05 /* MyPollsTableViewCell.swift */,
				62CF9B011DCE3A9C00B66099 /* LoginScreen.swift */,
				624A6C1D1DC2523B00EF38A2 /* PollQuestionTableViewCell.swift */,
				62B720651DD104FA00C6B897 /* VotedOn.swift */,
				624A6C041DC24EE600EF38A2 /* Assets.xcassets */,
				624A6C061DC24EE600EF38A2 /* LaunchScreen.storyboard */,
				628310AB1DCEAF540019F2BE /* GoogleService-Info.plist */,
				624A6C091DC24EE600EF38A2 /* Info.plist */,
			);
			path = Scrolling;
			sourceTree = "<group>";
		};
		624A6C111DC24EE600EF38A2 /* ScrollingTests */ = {
			isa = PBXGroup;
			children = (
				624A6C121DC24EE600EF38A2 /* ScrollingTests.swift */,
				624A6C141DC24EE600EF38A2 /* Info.plist */,
			);
			path = ScrollingTests;
			sourceTree = "<group>";
		};
/* End PBXGroup section */

/* Begin PBXNativeTarget section */
		624A6BF91DC24EE500EF38A2 /* Scrolling */ = {
			isa = PBXNativeTarget;
			buildConfigurationList = 624A6C171DC24EE600EF38A2 /* Build configuration list for PBXNativeTarget "Scrolling" */;
			buildPhases = (
				ADA6A0A03F197404B480AA47 /* [CP] Check Pods Manifest.lock */,
				624A6BF61DC24EE500EF38A2 /* Sources */,
				624A6BF71DC24EE500EF38A2 /* Frameworks */,
				624A6BF81DC24EE500EF38A2 /* Resources */,
				9543835D4819FC55F867CF7A /* [CP] Embed Pods Frameworks */,
				7F090C7611675C3B4DB78F24 /* [CP] Copy Pods Resources */,
			);
			buildRules = (
			);
			dependencies = (
			);
			name = Scrolling;
			productName = Scrolling;
			productReference = 624A6BFA1DC24EE600EF38A2 /* Scrolling.app */;
			productType = "com.apple.product-type.application";
		};
		624A6C0D1DC24EE600EF38A2 /* ScrollingTests */ = {
			isa = PBXNativeTarget;
			buildConfigurationList = 624A6C1A1DC24EE600EF38A2 /* Build configuration list for PBXNativeTarget "ScrollingTests" */;
			buildPhases = (
				0D7A40D8E975327DE5C1BE85 /* [CP] Check Pods Manifest.lock */,
				624A6C0A1DC24EE600EF38A2 /* Sources */,
				624A6C0B1DC24EE600EF38A2 /* Frameworks */,
				624A6C0C1DC24EE600EF38A2 /* Resources */,
				93EEF8421B7B6DB0EAC48AD8 /* [CP] Embed Pods Frameworks */,
				B5D3C3543D36DBCDBC39841E /* [CP] Copy Pods Resources */,
			);
			buildRules = (
			);
			dependencies = (
				624A6C101DC24EE600EF38A2 /* PBXTargetDependency */,
			);
			name = ScrollingTests;
			productName = ScrollingTests;
			productReference = 624A6C0E1DC24EE600EF38A2 /* ScrollingTests.xctest */;
			productType = "com.apple.product-type.bundle.unit-test";
		};
/* End PBXNativeTarget section */

/* Begin PBXProject section */
		624A6BF21DC24EE500EF38A2 /* Project object */ = {
			isa = PBXProject;
			attributes = {
				LastSwiftUpdateCheck = 0800;
				LastUpgradeCheck = 0800;
				ORGANIZATIONNAME = Pollr;
				TargetAttributes = {
					624A6BF91DC24EE500EF38A2 = {
						CreatedOnToolsVersion = 8.0;
						DevelopmentTeam = V77B2J7UZ6;
						ProvisioningStyle = Automatic;
						SystemCapabilities = {
							com.apple.Keychain = {
								enabled = 1;
							};
						};
					};
					624A6C0D1DC24EE600EF38A2 = {
						CreatedOnToolsVersion = 8.0;
						ProvisioningStyle = Automatic;
						TestTargetID = 624A6BF91DC24EE500EF38A2;
					};
				};
			};
			buildConfigurationList = 624A6BF51DC24EE500EF38A2 /* Build configuration list for PBXProject "Scrolling" */;
			compatibilityVersion = "Xcode 3.2";
			developmentRegion = English;
			hasScannedForEncodings = 0;
			knownRegions = (
				en,
				Base,
			);
			mainGroup = 624A6BF11DC24EE500EF38A2;
			productRefGroup = 624A6BFB1DC24EE600EF38A2 /* Products */;
			projectDirPath = "";
			projectRoot = "";
			targets = (
				624A6BF91DC24EE500EF38A2 /* Scrolling */,
				624A6C0D1DC24EE600EF38A2 /* ScrollingTests */,
			);
		};
/* End PBXProject section */

/* Begin PBXResourcesBuildPhase section */
		624A6BF81DC24EE500EF38A2 /* Resources */ = {
			isa = PBXResourcesBuildPhase;
			buildActionMask = 2147483647;
			files = (
				624A6C081DC24EE600EF38A2 /* LaunchScreen.storyboard in Resources */,
				628310AC1DCEAF540019F2BE /* GoogleService-Info.plist in Resources */,
				624A6C051DC24EE600EF38A2 /* Assets.xcassets in Resources */,
				624A6C031DC24EE600EF38A2 /* Main.storyboard in Resources */,
			);
			runOnlyForDeploymentPostprocessing = 0;
		};
		624A6C0C1DC24EE600EF38A2 /* Resources */ = {
			isa = PBXResourcesBuildPhase;
			buildActionMask = 2147483647;
			files = (
			);
			runOnlyForDeploymentPostprocessing = 0;
		};
/* End PBXResourcesBuildPhase section */

/* Begin PBXShellScriptBuildPhase section */
		0D7A40D8E975327DE5C1BE85 /* [CP] Check Pods Manifest.lock */ = {
			isa = PBXShellScriptBuildPhase;
			buildActionMask = 2147483647;
			files = (
			);
			inputPaths = (
			);
			name = "[CP] Check Pods Manifest.lock";
			outputPaths = (
			);
			runOnlyForDeploymentPostprocessing = 0;
			shellPath = /bin/sh;
			shellScript = "diff \"${PODS_ROOT}/../Podfile.lock\" \"${PODS_ROOT}/Manifest.lock\" > /dev/null\nif [ $? != 0 ] ; then\n    # print error to STDERR\n    echo \"error: The sandbox is not in sync with the Podfile.lock. Run 'pod install' or update your CocoaPods installation.\" >&2\n    exit 1\nfi\n";
			showEnvVarsInLog = 0;
		};
		7F090C7611675C3B4DB78F24 /* [CP] Copy Pods Resources */ = {
			isa = PBXShellScriptBuildPhase;
			buildActionMask = 2147483647;
			files = (
			);
			inputPaths = (
			);
			name = "[CP] Copy Pods Resources";
			outputPaths = (
			);
			runOnlyForDeploymentPostprocessing = 0;
			shellPath = /bin/sh;
			shellScript = "\"${SRCROOT}/Pods/Target Support Files/Pods-Scrolling/Pods-Scrolling-resources.sh\"\n";
			showEnvVarsInLog = 0;
		};
		93EEF8421B7B6DB0EAC48AD8 /* [CP] Embed Pods Frameworks */ = {
			isa = PBXShellScriptBuildPhase;
			buildActionMask = 2147483647;
			files = (
			);
			inputPaths = (
			);
			name = "[CP] Embed Pods Frameworks";
			outputPaths = (
			);
			runOnlyForDeploymentPostprocessing = 0;
			shellPath = /bin/sh;
			shellScript = "\"${SRCROOT}/Pods/Target Support Files/Pods-ScrollingTests/Pods-ScrollingTests-frameworks.sh\"\n";
			showEnvVarsInLog = 0;
		};
		9543835D4819FC55F867CF7A /* [CP] Embed Pods Frameworks */ = {
			isa = PBXShellScriptBuildPhase;
			buildActionMask = 2147483647;
			files = (
			);
			inputPaths = (
			);
			name = "[CP] Embed Pods Frameworks";
			outputPaths = (
			);
			runOnlyForDeploymentPostprocessing = 0;
			shellPath = /bin/sh;
			shellScript = "\"${SRCROOT}/Pods/Target Support Files/Pods-Scrolling/Pods-Scrolling-frameworks.sh\"\n";
			showEnvVarsInLog = 0;
		};
		ADA6A0A03F197404B480AA47 /* [CP] Check Pods Manifest.lock */ = {
			isa = PBXShellScriptBuildPhase;
			buildActionMask = 2147483647;
			files = (
			);
			inputPaths = (
			);
			name = "[CP] Check Pods Manifest.lock";
			outputPaths = (
			);
			runOnlyForDeploymentPostprocessing = 0;
			shellPath = /bin/sh;
			shellScript = "diff \"${PODS_ROOT}/../Podfile.lock\" \"${PODS_ROOT}/Manifest.lock\" > /dev/null\nif [ $? != 0 ] ; then\n    # print error to STDERR\n    echo \"error: The sandbox is not in sync with the Podfile.lock. Run 'pod install' or update your CocoaPods installation.\" >&2\n    exit 1\nfi\n";
			showEnvVarsInLog = 0;
		};
		B5D3C3543D36DBCDBC39841E /* [CP] Copy Pods Resources */ = {
			isa = PBXShellScriptBuildPhase;
			buildActionMask = 2147483647;
			files = (
			);
			inputPaths = (
			);
			name = "[CP] Copy Pods Resources";
			outputPaths = (
			);
			runOnlyForDeploymentPostprocessing = 0;
			shellPath = /bin/sh;
			shellScript = "\"${SRCROOT}/Pods/Target Support Files/Pods-ScrollingTests/Pods-ScrollingTests-resources.sh\"\n";
			showEnvVarsInLog = 0;
		};
/* End PBXShellScriptBuildPhase section */

/* Begin PBXSourcesBuildPhase section */
		624A6BF61DC24EE500EF38A2 /* Sources */ = {
			isa = PBXSourcesBuildPhase;
			buildActionMask = 2147483647;
			files = (
				628310B11DCFE0EA0019F2BE /* MyPollsTableViewController.swift in Sources */,
				624A6C001DC24EE600EF38A2 /* MainViewController.swift in Sources */,
				6276EF901DD03BF200FF4E8A /* ChartsAxisFormatter.swift in Sources */,
				624A6C1E1DC2523B00EF38A2 /* PollQuestionTableViewCell.swift in Sources */,
				62CF9B021DCE3A9C00B66099 /* LoginScreen.swift in Sources */,
				62A2395D1DD38FFF00D6AC92 /* CreationViewController.swift in Sources */,
				62E7DBF51DC8D92400105009 /* SegueFromLeft.swift in Sources */,
				6228B21D1DCFF97A00404D05 /* PollResultsViewController.swift in Sources */,
				623C5C7C1DCD032500FBDA71 /* Poll.swift in Sources */,
				62B720661DD104FA00C6B897 /* VotedOn.swift in Sources */,
				6228B21B1DCFF59A00404D05 /* MyPollsTableViewCell.swift in Sources */,
				62F8AAD51DCCE17A00AADC85 /* httpsClient.swift in Sources */,
				62E7DBF71DC9021A00105009 /* SegueFromRight.swift in Sources */,
				624A6BFE1DC24EE600EF38A2 /* AppDelegate.swift in Sources */,
			);
			runOnlyForDeploymentPostprocessing = 0;
		};
		624A6C0A1DC24EE600EF38A2 /* Sources */ = {
			isa = PBXSourcesBuildPhase;
			buildActionMask = 2147483647;
			files = (
				624A6C131DC24EE600EF38A2 /* ScrollingTests.swift in Sources */,
			);
			runOnlyForDeploymentPostprocessing = 0;
		};
/* End PBXSourcesBuildPhase section */

/* Begin PBXTargetDependency section */
		624A6C101DC24EE600EF38A2 /* PBXTargetDependency */ = {
			isa = PBXTargetDependency;
			target = 624A6BF91DC24EE500EF38A2 /* Scrolling */;
			targetProxy = 624A6C0F1DC24EE600EF38A2 /* PBXContainerItemProxy */;
		};
/* End PBXTargetDependency section */

/* Begin PBXVariantGroup section */
		624A6C011DC24EE600EF38A2 /* Main.storyboard */ = {
			isa = PBXVariantGroup;
			children = (
				624A6C021DC24EE600EF38A2 /* Base */,
			);
			name = Main.storyboard;
			sourceTree = "<group>";
		};
		624A6C061DC24EE600EF38A2 /* LaunchScreen.storyboard */ = {
			isa = PBXVariantGroup;
			children = (
				624A6C071DC24EE600EF38A2 /* Base */,
			);
			name = LaunchScreen.storyboard;
			sourceTree = "<group>";
		};
/* End PBXVariantGroup section */

/* Begin XCBuildConfiguration section */
		624A6C151DC24EE600EF38A2 /* Debug */ = {
			isa = XCBuildConfiguration;
			buildSettings = {
				ALWAYS_SEARCH_USER_PATHS = NO;
				CLANG_ANALYZER_NONNULL = YES;
				CLANG_CXX_LANGUAGE_STANDARD = "gnu++0x";
				CLANG_CXX_LIBRARY = "libc++";
				CLANG_ENABLE_MODULES = YES;
				CLANG_ENABLE_OBJC_ARC = YES;
				CLANG_WARN_BOOL_CONVERSION = YES;
				CLANG_WARN_CONSTANT_CONVERSION = YES;
				CLANG_WARN_DIRECT_OBJC_ISA_USAGE = YES_ERROR;
				CLANG_WARN_DOCUMENTATION_COMMENTS = YES;
				CLANG_WARN_EMPTY_BODY = YES;
				CLANG_WARN_ENUM_CONVERSION = YES;
				CLANG_WARN_INFINITE_RECURSION = YES;
				CLANG_WARN_INT_CONVERSION = YES;
				CLANG_WARN_OBJC_ROOT_CLASS = YES_ERROR;
				CLANG_WARN_SUSPICIOUS_MOVES = YES;
				CLANG_WARN_UNREACHABLE_CODE = YES;
				CLANG_WARN__DUPLICATE_METHOD_MATCH = YES;
				"CODE_SIGN_IDENTITY[sdk=iphoneos*]" = "iPhone Developer";
				COPY_PHASE_STRIP = NO;
				DEBUG_INFORMATION_FORMAT = dwarf;
				ENABLE_STRICT_OBJC_MSGSEND = YES;
				ENABLE_TESTABILITY = YES;
				GCC_C_LANGUAGE_STANDARD = gnu99;
				GCC_DYNAMIC_NO_PIC = NO;
				GCC_NO_COMMON_BLOCKS = YES;
				GCC_OPTIMIZATION_LEVEL = 0;
				GCC_PREPROCESSOR_DEFINITIONS = (
					"DEBUG=1",
					"$(inherited)",
				);
				GCC_WARN_64_TO_32_BIT_CONVERSION = YES;
				GCC_WARN_ABOUT_RETURN_TYPE = YES_ERROR;
				GCC_WARN_UNDECLARED_SELECTOR = YES;
				GCC_WARN_UNINITIALIZED_AUTOS = YES_AGGRESSIVE;
				GCC_WARN_UNUSED_FUNCTION = YES;
				GCC_WARN_UNUSED_VARIABLE = YES;
				IPHONEOS_DEPLOYMENT_TARGET = 10.0;
				MTL_ENABLE_DEBUG_INFO = YES;
				ONLY_ACTIVE_ARCH = YES;
				SDKROOT = iphoneos;
				SWIFT_ACTIVE_COMPILATION_CONDITIONS = DEBUG;
				SWIFT_OPTIMIZATION_LEVEL = "-Onone";
				TARGETED_DEVICE_FAMILY = "1,2";
			};
			name = Debug;
		};
		624A6C161DC24EE600EF38A2 /* Release */ = {
			isa = XCBuildConfiguration;
			buildSettings = {
				ALWAYS_SEARCH_USER_PATHS = NO;
				CLANG_ANALYZER_NONNULL = YES;
				CLANG_CXX_LANGUAGE_STANDARD = "gnu++0x";
				CLANG_CXX_LIBRARY = "libc++";
				CLANG_ENABLE_MODULES = YES;
				CLANG_ENABLE_OBJC_ARC = YES;
				CLANG_WARN_BOOL_CONVERSION = YES;
				CLANG_WARN_CONSTANT_CONVERSION = YES;
				CLANG_WARN_DIRECT_OBJC_ISA_USAGE = YES_ERROR;
				CLANG_WARN_DOCUMENTATION_COMMENTS = YES;
				CLANG_WARN_EMPTY_BODY = YES;
				CLANG_WARN_ENUM_CONVERSION = YES;
				CLANG_WARN_INFINITE_RECURSION = YES;
				CLANG_WARN_INT_CONVERSION = YES;
				CLANG_WARN_OBJC_ROOT_CLASS = YES_ERROR;
				CLANG_WARN_SUSPICIOUS_MOVES = YES;
				CLANG_WARN_UNREACHABLE_CODE = YES;
				CLANG_WARN__DUPLICATE_METHOD_MATCH = YES;
				"CODE_SIGN_IDENTITY[sdk=iphoneos*]" = "iPhone Developer";
				COPY_PHASE_STRIP = NO;
				DEBUG_INFORMATION_FORMAT = "dwarf-with-dsym";
				ENABLE_NS_ASSERTIONS = NO;
				ENABLE_STRICT_OBJC_MSGSEND = YES;
				GCC_C_LANGUAGE_STANDARD = gnu99;
				GCC_NO_COMMON_BLOCKS = YES;
				GCC_WARN_64_TO_32_BIT_CONVERSION = YES;
				GCC_WARN_ABOUT_RETURN_TYPE = YES_ERROR;
				GCC_WARN_UNDECLARED_SELECTOR = YES;
				GCC_WARN_UNINITIALIZED_AUTOS = YES_AGGRESSIVE;
				GCC_WARN_UNUSED_FUNCTION = YES;
				GCC_WARN_UNUSED_VARIABLE = YES;
				IPHONEOS_DEPLOYMENT_TARGET = 10.0;
				MTL_ENABLE_DEBUG_INFO = NO;
				SDKROOT = iphoneos;
				SWIFT_OPTIMIZATION_LEVEL = "-Owholemodule";
				TARGETED_DEVICE_FAMILY = "1,2";
				VALIDATE_PRODUCT = YES;
			};
			name = Release;
		};
		624A6C181DC24EE600EF38A2 /* Debug */ = {
			isa = XCBuildConfiguration;
			baseConfigurationReference = CD0B39270E3227752E65FBF9 /* Pods-Scrolling.debug.xcconfig */;
			buildSettings = {
				ASSETCATALOG_COMPILER_APPICON_NAME = AppIcon;
				CODE_SIGN_ENTITLEMENTS = Scrolling/Scrolling.entitlements;
				DEVELOPMENT_TEAM = V77B2J7UZ6;
				FRAMEWORK_SEARCH_PATHS = (
					"$(inherited)",
					"$(PROJECT_DIR)/Carthage/Build/iOS",
					"$(PROJECT_DIR)",
				);
				INFOPLIST_FILE = Scrolling/Info.plist;
				LD_RUNPATH_SEARCH_PATHS = "$(inherited) @executable_path/Frameworks";
				LIBRARY_SEARCH_PATHS = (
					"$(inherited)",
					"$(PROJECT_DIR)",
				);
				PRODUCT_BUNDLE_IDENTIFIER = "-";
				PRODUCT_NAME = "$(TARGET_NAME)";
				SWIFT_VERSION = 3.0;
			};
			name = Debug;
		};
		624A6C191DC24EE600EF38A2 /* Release */ = {
			isa = XCBuildConfiguration;
			baseConfigurationReference = BD68415B4AA7D8940B2CDCC2 /* Pods-Scrolling.release.xcconfig */;
			buildSettings = {
				ASSETCATALOG_COMPILER_APPICON_NAME = AppIcon;
				CODE_SIGN_ENTITLEMENTS = Scrolling/Scrolling.entitlements;
				DEVELOPMENT_TEAM = V77B2J7UZ6;
				FRAMEWORK_SEARCH_PATHS = (
					"$(inherited)",
					"$(PROJECT_DIR)/Carthage/Build/iOS",
					"$(PROJECT_DIR)",
				);
				INFOPLIST_FILE = Scrolling/Info.plist;
				LD_RUNPATH_SEARCH_PATHS = "$(inherited) @executable_path/Frameworks";
				LIBRARY_SEARCH_PATHS = (
					"$(inherited)",
					"$(PROJECT_DIR)",
				);
				PRODUCT_BUNDLE_IDENTIFIER = "-";
				PRODUCT_NAME = "$(TARGET_NAME)";
				SWIFT_VERSION = 3.0;
			};
			name = Release;
		};
		624A6C1B1DC24EE600EF38A2 /* Debug */ = {
			isa = XCBuildConfiguration;
			baseConfigurationReference = 629BC147A3E8A541C3E49512 /* Pods-ScrollingTests.debug.xcconfig */;
			buildSettings = {
				ALWAYS_EMBED_SWIFT_STANDARD_LIBRARIES = YES;
				BUNDLE_LOADER = "$(TEST_HOST)";
				INFOPLIST_FILE = ScrollingTests/Info.plist;
				LD_RUNPATH_SEARCH_PATHS = "$(inherited) @executable_path/Frameworks @loader_path/Frameworks";
				PRODUCT_BUNDLE_IDENTIFIER = School.441.ScrollingTests;
				PRODUCT_NAME = "$(TARGET_NAME)";
				SWIFT_VERSION = 3.0;
				TEST_HOST = "$(BUILT_PRODUCTS_DIR)/Scrolling.app/Scrolling";
			};
			name = Debug;
		};
		624A6C1C1DC24EE600EF38A2 /* Release */ = {
			isa = XCBuildConfiguration;
			baseConfigurationReference = 53C9D1D189F3B273351907DE /* Pods-ScrollingTests.release.xcconfig */;
			buildSettings = {
				ALWAYS_EMBED_SWIFT_STANDARD_LIBRARIES = YES;
				BUNDLE_LOADER = "$(TEST_HOST)";
				INFOPLIST_FILE = ScrollingTests/Info.plist;
				LD_RUNPATH_SEARCH_PATHS = "$(inherited) @executable_path/Frameworks @loader_path/Frameworks";
				PRODUCT_BUNDLE_IDENTIFIER = School.441.ScrollingTests;
				PRODUCT_NAME = "$(TARGET_NAME)";
				SWIFT_VERSION = 3.0;
				TEST_HOST = "$(BUILT_PRODUCTS_DIR)/Scrolling.app/Scrolling";
			};
			name = Release;
		};
/* End XCBuildConfiguration section */

/* Begin XCConfigurationList section */
		624A6BF51DC24EE500EF38A2 /* Build configuration list for PBXProject "Scrolling" */ = {
			isa = XCConfigurationList;
			buildConfigurations = (
				624A6C151DC24EE600EF38A2 /* Debug */,
				624A6C161DC24EE600EF38A2 /* Release */,
			);
			defaultConfigurationIsVisible = 0;
			defaultConfigurationName = Release;
		};
		624A6C171DC24EE600EF38A2 /* Build configuration list for PBXNativeTarget "Scrolling" */ = {
			isa = XCConfigurationList;
			buildConfigurations = (
				624A6C181DC24EE600EF38A2 /* Debug */,
				624A6C191DC24EE600EF38A2 /* Release */,
			);
			defaultConfigurationIsVisible = 0;
			defaultConfigurationName = Release;
		};
		624A6C1A1DC24EE600EF38A2 /* Build configuration list for PBXNativeTarget "ScrollingTests" */ = {
			isa = XCConfigurationList;
			buildConfigurations = (
				624A6C1B1DC24EE600EF38A2 /* Debug */,
				624A6C1C1DC24EE600EF38A2 /* Release */,
			);
			defaultConfigurationIsVisible = 0;
			defaultConfigurationName = Release;
		};
/* End XCConfigurationList section */
	};
	rootObject = 624A6BF21DC24EE500EF38A2 /* Project object */;
}
